
Microsoft Visual Studio Solution File, Format Version 12.00
# Visual Studio Version 16
VisualStudioVersion = 16.0.30907.101
MinimumVisualStudioVersion = 10.0.40219.1
Project("{9A19103F-16F7-4668-BE54-9A1E7A4F7556}") = "TradeRofit.API", "TradeRofit\TradeRofit.API.csproj", "{2DCB2262-87F9-4AAE-BC54-5612B7CBFD23}"
EndProject
Project("{9A19103F-16F7-4668-BE54-9A1E7A4F7556}") = "TradeRofit.Core", "TradeRofit.Core\TradeRofit.Core.csproj", "{4AA88BDF-62CE-4064-8BAE-B0F6D58E0BF3}"
EndProject
Project("{9A19103F-16F7-4668-BE54-9A1E7A4F7556}") = "TradeRofit.Business", "TradeRofit.Business\TradeRofit.Business.csproj", "{9D4796E5-B763-4376-9D3F-8B655E2CDBC6}"
EndProject
Project("{9A19103F-16F7-4668-BE54-9A1E7A4F7556}") = "TradeRofit.Entities", "TradeRofit.Entities\TradeRofit.Entities.csproj", "{CDC36912-3257-4ADD-BC39-AC0C8CAE0F32}"
EndProject
Project("{9A19103F-16F7-4668-BE54-9A1E7A4F7556}") = "TradeRofit.DAL", "TradeRofit.DAL\TradeRofit.DAL.csproj", "{B900BB65-83CD-4659-B9CD-57763B23D282}"
EndProject
Project("{FAE04EC0-301F-11D3-BF4B-00C04F79EFBC}") = "TradeRofit.TokenWorker", "TradeRofit.TokenWorker\TradeRofit.TokenWorker.csproj", "{E36C15E6-7C3E-48F9-93BD-1BE3C11C2856}"
EndProject
Global
	GlobalSection(SolutionConfigurationPlatforms) = preSolution
		Debug|Any CPU = Debug|Any CPU
		Release|Any CPU = Release|Any CPU
	EndGlobalSection
	GlobalSection(ProjectConfigurationPlatforms) = postSolution
		{2DCB2262-87F9-4AAE-BC54-5612B7CBFD23}.Debug|Any CPU.ActiveCfg = Debug|Any CPU
		{2DCB2262-87F9-4AAE-BC54-5612B7CBFD23}.Debug|Any CPU.Build.0 = Debug|Any CPU
		{2DCB2262-87F9-4AAE-BC54-5612B7CBFD23}.Release|Any CPU.ActiveCfg = Release|Any CPU
		{2DCB2262-87F9-4AAE-BC54-5612B7CBFD23}.Release|Any CPU.Build.0 = Release|Any CPU
		{4AA88BDF-62CE-4064-8BAE-B0F6D58E0BF3}.Debug|Any CPU.ActiveCfg = Debug|Any CPU
		{4AA88BDF-62CE-4064-8BAE-B0F6D58E0BF3}.Debug|Any CPU.Build.0 = Debug|Any CPU
		{4AA88BDF-62CE-4064-8BAE-B0F6D58E0BF3}.Release|Any CPU.ActiveCfg = Release|Any CPU
		{4AA88BDF-62CE-4064-8BAE-B0F6D58E0BF3}.Release|Any CPU.Build.0 = Release|Any CPU
		{9D4796E5-B763-4376-9D3F-8B655E2CDBC6}.Debug|Any CPU.ActiveCfg = Debug|Any CPU
		{9D4796E5-B763-4376-9D3F-8B655E2CDBC6}.Debug|Any CPU.Build.0 = Debug|Any CPU
		{9D4796E5-B763-4376-9D3F-8B655E2CDBC6}.Release|Any CPU.ActiveCfg = Release|Any CPU
		{9D4796E5-B763-4376-9D3F-8B655E2CDBC6}.Release|Any CPU.Build.0 = Release|Any CPU
		{CDC36912-3257-4ADD-BC39-AC0C8CAE0F32}.Debug|Any CPU.ActiveCfg = Debug|Any CPU
		{CDC36912-3257-4ADD-BC39-AC0C8CAE0F32}.Debug|Any CPU.Build.0 = Debug|Any CPU
		{CDC36912-3257-4ADD-BC39-AC0C8CAE0F32}.Release|Any CPU.ActiveCfg = Release|Any CPU
		{CDC36912-3257-4ADD-BC39-AC0C8CAE0F32}.Release|Any CPU.Build.0 = Release|Any CPU
		{B900BB65-83CD-4659-B9CD-57763B23D282}.Debug|Any CPU.ActiveCfg = Debug|Any CPU
		{B900BB65-83CD-4659-B9CD-57763B23D282}.Debug|Any CPU.Build.0 = Debug|Any CPU
		{B900BB65-83CD-4659-B9CD-57763B23D282}.Release|Any CPU.ActiveCfg = Release|Any CPU
		{B900BB65-83CD-4659-B9CD-57763B23D282}.Release|Any CPU.Build.0 = Release|Any CPU
		{E36C15E6-7C3E-48F9-93BD-1BE3C11C2856}.Debug|Any CPU.ActiveCfg = Debug|Any CPU
		{E36C15E6-7C3E-48F9-93BD-1BE3C11C2856}.Debug|Any CPU.Build.0 = Debug|Any CPU
		{E36C15E6-7C3E-48F9-93BD-1BE3C11C2856}.Release|Any CPU.ActiveCfg = Release|Any CPU
		{E36C15E6-7C3E-48F9-93BD-1BE3C11C2856}.Release|Any CPU.Build.0 = Release|Any CPU
	EndGlobalSection
	GlobalSection(SolutionProperties) = preSolution
		HideSolutionNode = FALSE
	EndGlobalSection
	GlobalSection(ExtensibilityGlobals) = postSolution
		SolutionGuid = {0A36138A-78B4-41AE-B737-5EA0B8637C93}
	EndGlobalSection
EndGlobal
